// !$*UTF8*$!
{
	archiveVersion = 1;
	classes = {
	};
	objectVersion = 46;
	objects = {

/* Begin PBXBuildFile section */
		75140E5E1D3329E40099823B /* main.m in Sources */ = {isa = PBXBuildFile; fileRef = 75140E5D1D3329E40099823B /* main.m */; };
		75140E611D3329E40099823B /* AppDelegate.m in Sources */ = {isa = PBXBuildFile; fileRef = 75140E601D3329E40099823B /* AppDelegate.m */; };
		75140E641D3329E40099823B /* ViewController.m in Sources */ = {isa = PBXBuildFile; fileRef = 75140E631D3329E40099823B /* ViewController.m */; };
		75140E671D3329E40099823B /* Main.storyboard in Resources */ = {isa = PBXBuildFile; fileRef = 75140E651D3329E40099823B /* Main.storyboard */; };
		75140E691D3329E40099823B /* Assets.xcassets in Resources */ = {isa = PBXBuildFile; fileRef = 75140E681D3329E40099823B /* Assets.xcassets */; };
		75140E6C1D3329E40099823B /* LaunchScreen.storyboard in Resources */ = {isa = PBXBuildFile; fileRef = 75140E6A1D3329E40099823B /* LaunchScreen.storyboard */; };
		75140E741D332B280099823B /* 1.jpg in Resources */ = {isa = PBXBuildFile; fileRef = 75140E731D332B280099823B /* 1.jpg */; };
		75140E7C1D332BC40099823B /* KZImage.m in Sources */ = {isa = PBXBuildFile; fileRef = 75140E771D332BC40099823B /* KZImage.m */; };
		75140E7D1D332BC40099823B /* KZImageScrollView.m in Sources */ = {isa = PBXBuildFile; fileRef = 75140E791D332BC40099823B /* KZImageScrollView.m */; };
		75140E7E1D332BC40099823B /* KZImageViewer.m in Sources */ = {isa = PBXBuildFile; fileRef = 75140E7B1D332BC40099823B /* KZImageViewer.m */; };
		75140EB41D332C000099823B /* DACircularProgressView.m in Sources */ = {isa = PBXBuildFile; fileRef = 75140EB31D332C000099823B /* DACircularProgressView.m */; };
		C997A595119850647CABB2A2 /* libPods-ImageDemo.a in Frameworks */ = {isa = PBXBuildFile; fileRef = 331AC2819D5236D439A1ED6D /* libPods-ImageDemo.a */; };
/* End PBXBuildFile section */

/* Begin PBXFileReference section */
		0651F638C8D6B52BDBDADB2D /* Pods-ImageDemo.release.xcconfig */ = {isa = PBXFileReference; includeInIndex = 1; lastKnownFileType = text.xcconfig; name = "Pods-ImageDemo.release.xcconfig"; path = "Pods/Target Support Files/Pods-ImageDemo/Pods-ImageDemo.release.xcconfig"; sourceTree = "<group>"; };
		0CCFC9D8547EC2216D2952B4 /* Pods-ImageDemo.debug.xcconfig */ = {isa = PBXFileReference; includeInIndex = 1; lastKnownFileType = text.xcconfig; name = "Pods-ImageDemo.debug.xcconfig"; path = "Pods/Target Support Files/Pods-ImageDemo/Pods-ImageDemo.debug.xcconfig"; sourceTree = "<group>"; };
		331AC2819D5236D439A1ED6D /* libPods-ImageDemo.a */ = {isa = PBXFileReference; explicitFileType = archive.ar; includeInIndex = 0; path = "libPods-ImageDemo.a"; sourceTree = BUILT_PRODUCTS_DIR; };
		75140E591D3329E40099823B /* ImageDemo.app */ = {isa = PBXFileReference; explicitFileType = wrapper.application; includeInIndex = 0; path = ImageDemo.app; sourceTree = BUILT_PRODUCTS_DIR; };
		75140E5D1D3329E40099823B /* main.m */ = {isa = PBXFileReference; lastKnownFileType = sourcecode.c.objc; path = main.m; sourceTree = "<group>"; };
		75140E5F1D3329E40099823B /* AppDelegate.h */ = {isa = PBXFileReference; lastKnownFileType = sourcecode.c.h; path = AppDelegate.h; sourceTree = "<group>"; };
		75140E601D3329E40099823B /* AppDelegate.m */ = {isa = PBXFileReference; lastKnownFileType = sourcecode.c.objc; path = AppDelegate.m; sourceTree = "<group>"; };
		75140E621D3329E40099823B /* ViewController.h */ = {isa = PBXFileReference; lastKnownFileType = sourcecode.c.h; path = ViewController.h; sourceTree = "<group>"; };
		75140E631D3329E40099823B /* ViewController.m */ = {isa = PBXFileReference; lastKnownFileType = sourcecode.c.objc; path = ViewController.m; sourceTree = "<group>"; };
		75140E661D3329E40099823B /* Base */ = {isa = PBXFileReference; lastKnownFileType = file.storyboard; name = Base; path = Base.lproj/Main.storyboard; sourceTree = "<group>"; };
		75140E681D3329E40099823B /* Assets.xcassets */ = {isa = PBXFileReference; lastKnownFileType = folder.assetcatalog; path = Assets.xcassets; sourceTree = "<group>"; };
		75140E6B1D3329E40099823B /* Base */ = {isa = PBXFileReference; lastKnownFileType = file.storyboard; name = Base; path = Base.lproj/LaunchScreen.storyboard; sourceTree = "<group>"; };
		75140E6D1D3329E40099823B /* Info.plist */ = {isa = PBXFileReference; lastKnownFileType = text.plist.xml; path = Info.plist; sourceTree = "<group>"; };
		75140E731D332B280099823B /* 1.jpg */ = {isa = PBXFileReference; lastKnownFileType = image.jpeg; path = 1.jpg; sourceTree = "<group>"; };
		75140E761D332BC40099823B /* KZImage.h */ = {isa = PBXFileReference; fileEncoding = 4; lastKnownFileType = sourcecode.c.h; path = KZImage.h; sourceTree = "<group>"; };
		75140E771D332BC40099823B /* KZImage.m */ = {isa = PBXFileReference; fileEncoding = 4; lastKnownFileType = sourcecode.c.objc; path = KZImage.m; sourceTree = "<group>"; };
		75140E781D332BC40099823B /* KZImageScrollView.h */ = {isa = PBXFileReference; fileEncoding = 4; lastKnownFileType = sourcecode.c.h; path = KZImageScrollView.h; sourceTree = "<group>"; };
		75140E791D332BC40099823B /* KZImageScrollView.m */ = {isa = PBXFileReference; fileEncoding = 4; lastKnownFileType = sourcecode.c.objc; path = KZImageScrollView.m; sourceTree = "<group>"; };
		75140E7A1D332BC40099823B /* KZImageViewer.h */ = {isa = PBXFileReference; fileEncoding = 4; lastKnownFileType = sourcecode.c.h; path = KZImageViewer.h; sourceTree = "<group>"; };
		75140E7B1D332BC40099823B /* KZImageViewer.m */ = {isa = PBXFileReference; fileEncoding = 4; lastKnownFileType = sourcecode.c.objc; path = KZImageViewer.m; sourceTree = "<group>"; };
		75140EB21D332C000099823B /* DACircularProgressView.h */ = {isa = PBXFileReference; fileEncoding = 4; lastKnownFileType = sourcecode.c.h; path = DACircularProgressView.h; sourceTree = "<group>"; };
		75140EB31D332C000099823B /* DACircularProgressView.m */ = {isa = PBXFileReference; fileEncoding = 4; lastKnownFileType = sourcecode.c.objc; path = DACircularProgressView.m; sourceTree = "<group>"; };
/* End PBXFileReference section */

/* Begin PBXFrameworksBuildPhase section */
		75140E561D3329E40099823B /* Frameworks */ = {
			isa = PBXFrameworksBuildPhase;
			buildActionMask = 2147483647;
			files = (
				C997A595119850647CABB2A2 /* libPods-ImageDemo.a in Frameworks */,
			);
			runOnlyForDeploymentPostprocessing = 0;
		};
/* End PBXFrameworksBuildPhase section */

/* Begin PBXGroup section */
		0DDACBD6D44966E9BC85012F /* Pods */ = {
			isa = PBXGroup;
			children = (
				0CCFC9D8547EC2216D2952B4 /* Pods-ImageDemo.debug.xcconfig */,
				0651F638C8D6B52BDBDADB2D /* Pods-ImageDemo.release.xcconfig */,
			);
			name = Pods;
			sourceTree = "<group>";
		};
		75140E501D3329E40099823B = {
			isa = PBXGroup;
			children = (
				75140E5B1D3329E40099823B /* ImageDemo */,
				75140E5A1D3329E40099823B /* Products */,
				0DDACBD6D44966E9BC85012F /* Pods */,
				7A48364FFCB99A66AB8B0F20 /* Frameworks */,
			);
			sourceTree = "<group>";
		};
		75140E5A1D3329E40099823B /* Products */ = {
			isa = PBXGroup;
			children = (
				75140E591D3329E40099823B /* ImageDemo.app */,
			);
			name = Products;
			sourceTree = "<group>";
		};
		75140E5B1D3329E40099823B /* ImageDemo */ = {
			isa = PBXGroup;
			children = (
				75140EB11D332C000099823B /* DACircularProgress */,
				75140E751D332BC40099823B /* KZImageViewer */,
				75140E731D332B280099823B /* 1.jpg */,
				75140E5F1D3329E40099823B /* AppDelegate.h */,
				75140E601D3329E40099823B /* AppDelegate.m */,
				75140E621D3329E40099823B /* ViewController.h */,
				75140E631D3329E40099823B /* ViewController.m */,
				75140E651D3329E40099823B /* Main.storyboard */,
				75140E681D3329E40099823B /* Assets.xcassets */,
				75140E6A1D3329E40099823B /* LaunchScreen.storyboard */,
				75140E6D1D3329E40099823B /* Info.plist */,
				75140E5C1D3329E40099823B /* Supporting Files */,
			);
			path = ImageDemo;
			sourceTree = "<group>";
		};
		75140E5C1D3329E40099823B /* Supporting Files */ = {
			isa = PBXGroup;
			children = (
				75140E5D1D3329E40099823B /* main.m */,
			);
			name = "Supporting Files";
			sourceTree = "<group>";
		};
		75140E751D332BC40099823B /* KZImageViewer */ = {
			isa = PBXGroup;
			children = (
				75140E761D332BC40099823B /* KZImage.h */,
				75140E771D332BC40099823B /* KZImage.m */,
				75140E781D332BC40099823B /* KZImageScrollView.h */,
				75140E791D332BC40099823B /* KZImageScrollView.m */,
				75140E7A1D332BC40099823B /* KZImageViewer.h */,
				75140E7B1D332BC40099823B /* KZImageViewer.m */,
			);
			path = KZImageViewer;
			sourceTree = "<group>";
		};
		75140EB11D332C000099823B /* DACircularProgress */ = {
			isa = PBXGroup;
			children = (
				75140EB21D332C000099823B /* DACircularProgressView.h */,
				75140EB31D332C000099823B /* DACircularProgressView.m */,
			);
			path = DACircularProgress;
			sourceTree = "<group>";
		};
		7A48364FFCB99A66AB8B0F20 /* Frameworks */ = {
			isa = PBXGroup;
			children = (
				331AC2819D5236D439A1ED6D /* libPods-ImageDemo.a */,
			);
			name = Frameworks;
			sourceTree = "<group>";
		};
/* End PBXGroup section */

/* Begin PBXNativeTarget section */
		75140E581D3329E40099823B /* ImageDemo */ = {
			isa = PBXNativeTarget;
			buildConfigurationList = 75140E701D3329E40099823B /* Build configuration list for PBXNativeTarget "ImageDemo" */;
			buildPhases = (
				39AD30C0DB50E3241ED81448 /* [CP] Check Pods Manifest.lock */,
				75140E551D3329E40099823B /* Sources */,
				75140E561D3329E40099823B /* Frameworks */,
				75140E571D3329E40099823B /* Resources */,
				5167D8C672DE53EB955F9BC8 /* [CP] Embed Pods Frameworks */,
				CF830CA5AC838A63BEA8A45E /* [CP] Copy Pods Resources */,
			);
			buildRules = (
			);
			dependencies = (
			);
			name = ImageDemo;
			productName = ImageDemo;
			productReference = 75140E591D3329E40099823B /* ImageDemo.app */;
			productType = "com.apple.product-type.application";
		};
/* End PBXNativeTarget section */

/* Begin PBXProject section */
		75140E511D3329E40099823B /* Project object */ = {
			isa = PBXProject;
			attributes = {
				LastUpgradeCheck = 0730;
				ORGANIZATIONNAME = "赵朋";
				TargetAttributes = {
					75140E581D3329E40099823B = {
						CreatedOnToolsVersion = 7.3.1;
					};
				};
			};
			buildConfigurationList = 75140E541D3329E40099823B /* Build configuration list for PBXProject "ImageDemo" */;
			compatibilityVersion = "Xcode 3.2";
			developmentRegion = English;
			hasScannedForEncodings = 0;
			knownRegions = (
				en,
				Base,
			);
			mainGroup = 75140E501D3329E40099823B;
			productRefGroup = 75140E5A1D3329E40099823B /* Products */;
			projectDirPath = "";
			projectRoot = "";
			targets = (
				75140E581D3329E40099823B /* ImageDemo */,
			);
		};
/* End PBXProject section */

/* Begin PBXResourcesBuildPhase section */
		75140E571D3329E40099823B /* Resources */ = {
			isa = PBXResourcesBuildPhase;
			buildActionMask = 2147483647;
			files = (
				75140E6C1D3329E40099823B /* LaunchScreen.storyboard in Resources */,
				75140E741D332B280099823B /* 1.jpg in Resources */,
				75140E691D3329E40099823B /* Assets.xcassets in Resources */,
				75140E671D3329E40099823B /* Main.storyboard in Resources */,
			);
			runOnlyForDeploymentPostprocessing = 0;
		};
/* End PBXResourcesBuildPhase section */

/* Begin PBXShellScriptBuildPhase section */
		39AD30C0DB50E3241ED81448 /* [CP] Check Pods Manifest.lock */ = {
			isa = PBXShellScriptBuildPhase;
			buildActionMask = 2147483647;
			files = (
			);
			inputPaths = (
			);
			name = "[CP] Check Pods Manifest.lock";
			outputPaths = (
			);
			runOnlyForDeploymentPostprocessing = 0;
			shellPath = /bin/sh;
			shellScript = "diff \"${PODS_ROOT}/../Podfile.lock\" \"${PODS_ROOT}/Manifest.lock\" > /dev/null\nif [[ $? != 0 ]] ; then\n    cat << EOM\nerror: The sandbox is not in sync with the Podfile.lock. Run 'pod install' or update your CocoaPods installation.\nEOM\n    exit 1\nfi\n";
			showEnvVarsInLog = 0;
		};
		5167D8C672DE53EB955F9BC8 /* [CP] Embed Pods Frameworks */ = {
			isa = PBXShellScriptBuildPhase;
			buildActionMask = 2147483647;
			files = (
			);
			inputPaths = (
			);
			name = "[CP] Embed Pods Frameworks";
			outputPaths = (
			);
			runOnlyForDeploymentPostprocessing = 0;
			shellPath = /bin/sh;
			shellScript = "\"${SRCROOT}/Pods/Target Support Files/Pods-ImageDemo/Pods-ImageDemo-frameworks.sh\"\n";
			showEnvVarsInLog = 0;
		};
		CF830CA5AC838A63BEA8A45E /* [CP] Copy Pods Resources */ = {
			isa = PBXShellScriptBuildPhase;
			buildActionMask = 2147483647;
			files = (
			);
			inputPaths = (
			);
			name = "[CP] Copy Pods Resources";
			outputPaths = (
			);
			runOnlyForDeploymentPostprocessing = 0;
			shellPath = /bin/sh;
			shellScript = "\"${SRCROOT}/Pods/Target Support Files/Pods-ImageDemo/Pods-ImageDemo-resources.sh\"\n";
			showEnvVarsInLog = 0;
		};
/* End PBXShellScriptBuildPhase section */

/* Begin PBXSourcesBuildPhase section */
		75140E551D3329E40099823B /* Sources */ = {
			isa = PBXSourcesBuildPhase;
			buildActionMask = 2147483647;
			files = (
				75140E7C1D332BC40099823B /* KZImage.m in Sources */,
				75140E641D3329E40099823B /* ViewController.m in Sources */,
				75140E7E1D332BC40099823B /* KZImageViewer.m in Sources */,
				75140E7D1D332BC40099823B /* KZImageScrollView.m in Sources */,
				75140E611D3329E40099823B /* AppDelegate.m in Sources */,
				75140E5E1D3329E40099823B /* main.m in Sources */,
				75140EB41D332C000099823B /* DACircularProgressView.m in Sources */,
			);
			runOnlyForDeploymentPostprocessing = 0;
		};
/* End PBXSourcesBuildPhase section */

/* Begin PBXVariantGroup section */
		75140E651D3329E40099823B /* Main.storyboard */ = {
			isa = PBXVariantGroup;
			children = (
				75140E661D3329E40099823B /* Base */,
			);
			name = Main.storyboard;
			sourceTree = "<group>";
		};
		75140E6A1D3329E40099823B /* LaunchScreen.storyboard */ = {
			isa = PBXVariantGroup;
			children = (
				75140E6B1D3329E40099823B /* Base */,
			);
			name = LaunchScreen.storyboard;
			sourceTree = "<group>";
		};
/* End PBXVariantGroup section */

/* Begin XCBuildConfiguration section */
		75140E6E1D3329E40099823B /* Debug */ = {
			isa = XCBuildConfiguration;
			buildSettings = {
				ALWAYS_SEARCH_USER_PATHS = NO;
				CLANG_ANALYZER_NONNULL = YES;
				CLANG_CXX_LANGUAGE_STANDARD = "gnu++0x";
				CLANG_CXX_LIBRARY = "libc++";
				CLANG_ENABLE_MODULES = YES;
				CLANG_ENABLE_OBJC_ARC = YES;
				CLANG_WARN_BOOL_CONVERSION = YES;
				CLANG_WARN_CONSTANT_CONVERSION = YES;
				CLANG_WARN_DIRECT_OBJC_ISA_USAGE = YES_ERROR;
				CLANG_WARN_EMPTY_BODY = YES;
				CLANG_WARN_ENUM_CONVERSION = YES;
				CLANG_WARN_INT_CONVERSION = YES;
				CLANG_WARN_OBJC_ROOT_CLASS = YES_ERROR;
				CLANG_WARN_UNREACHABLE_CODE = YES;
				CLANG_WARN__DUPLICATE_METHOD_MATCH = YES;
				"CODE_SIGN_IDENTITY[sdk=iphoneos*]" = "iPhone Developer";
				COPY_PHASE_STRIP = NO;
				DEBUG_INFORMATION_FORMAT = dwarf;
				ENABLE_STRICT_OBJC_MSGSEND = YES;
				ENABLE_TESTABILITY = YES;
				GCC_C_LANGUAGE_STANDARD = gnu99;
				GCC_DYNAMIC_NO_PIC = NO;
				GCC_NO_COMMON_BLOCKS = YES;
				GCC_OPTIMIZATION_LEVEL = 0;
				GCC_PREPROCESSOR_DEFINITIONS = (
					"DEBUG=1",
					"$(inherited)",
				);
				GCC_WARN_64_TO_32_BIT_CONVERSION = YES;
				GCC_WARN_ABOUT_RETURN_TYPE = YES_ERROR;
				GCC_WARN_UNDECLARED_SELECTOR = YES;
				GCC_WARN_UNINITIALIZED_AUTOS = YES_AGGRESSIVE;
				GCC_WARN_UNUSED_FUNCTION = YES;
				GCC_WARN_UNUSED_VARIABLE = YES;
				IPHONEOS_DEPLOYMENT_TARGET = 9.3;
				MTL_ENABLE_DEBUG_INFO = YES;
				ONLY_ACTIVE_ARCH = YES;
				SDKROOT = iphoneos;
			};
			name = Debug;
		};
		75140E6F1D3329E40099823B /* Release */ = {
			isa = XCBuildConfiguration;
			buildSettings = {
				ALWAYS_SEARCH_USER_PATHS = NO;
				CLANG_ANALYZER_NONNULL = YES;
				CLANG_CXX_LANGUAGE_STANDARD = "gnu++0x";
				CLANG_CXX_LIBRARY = "libc++";
				CLANG_ENABLE_MODULES = YES;
				CLANG_ENABLE_OBJC_ARC = YES;
				CLANG_WARN_BOOL_CONVERSION = YES;
				CLANG_WARN_CONSTANT_CONVERSION = YES;
				CLANG_WARN_DIRECT_OBJC_ISA_USAGE = YES_ERROR;
				CLANG_WARN_EMPTY_BODY = YES;
				CLANG_WARN_ENUM_CONVERSION = YES;
				CLANG_WARN_INT_CONVERSION = YES;
				CLANG_WARN_OBJC_ROOT_CLASS = YES_ERROR;
				CLANG_WARN_UNREACHABLE_CODE = YES;
				CLANG_WARN__DUPLICATE_METHOD_MATCH = YES;
				"CODE_SIGN_IDENTITY[sdk=iphoneos*]" = "iPhone Developer";
				COPY_PHASE_STRIP = NO;
				DEBUG_INFORMATION_FORMAT = "dwarf-with-dsym";
				ENABLE_NS_ASSERTIONS = NO;
				ENABLE_STRICT_OBJC_MSGSEND = YES;
				GCC_C_LANGUAGE_STANDARD = gnu99;
				GCC_NO_COMMON_BLOCKS = YES;
				GCC_WARN_64_TO_32_BIT_CONVERSION = YES;
				GCC_WARN_ABOUT_RETURN_TYPE = YES_ERROR;
				GCC_WARN_UNDECLARED_SELECTOR = YES;
				GCC_WARN_UNINITIALIZED_AUTOS = YES_AGGRESSIVE;
				GCC_WARN_UNUSED_FUNCTION = YES;
				GCC_WARN_UNUSED_VARIABLE = YES;
				IPHONEOS_DEPLOYMENT_TARGET = 9.3;
				MTL_ENABLE_DEBUG_INFO = NO;
				SDKROOT = iphoneos;
				VALIDATE_PRODUCT = YES;
			};
			name = Release;
		};
		75140E711D3329E40099823B /* Debug */ = {
			isa = XCBuildConfiguration;
			baseConfigurationReference = 0CCFC9D8547EC2216D2952B4 /* Pods-ImageDemo.debug.xcconfig */;
			buildSettings = {
				ASSETCATALOG_COMPILER_APPICON_NAME = AppIcon;
				INFOPLIST_FILE = ImageDemo/Info.plist;
				LD_RUNPATH_SEARCH_PATHS = "$(inherited) @executable_path/Frameworks";
				PRODUCT_BUNDLE_IDENTIFIER = com.pzking.ImageDemo;
				PRODUCT_NAME = "$(TARGET_NAME)";
			};
			name = Debug;
		};
		75140E721D3329E40099823B /* Release */ = {
			isa = XCBuildConfiguration;
			baseConfigurationReference = 0651F638C8D6B52BDBDADB2D /* Pods-ImageDemo.release.xcconfig */;
			buildSettings = {
				ASSETCATALOG_COMPILER_APPICON_NAME = AppIcon;
				INFOPLIST_FILE = ImageDemo/Info.plist;
				LD_RUNPATH_SEARCH_PATHS = "$(inherited) @executable_path/Frameworks";
				PRODUCT_BUNDLE_IDENTIFIER = com.pzking.ImageDemo;
				PRODUCT_NAME = "$(TARGET_NAME)";
			};
			name = Release;
		};
/* End XCBuildConfiguration section */

/* Begin XCConfigurationList section */
		75140E541D3329E40099823B /* Build configuration list for PBXProject "ImageDemo" */ = {
			isa = XCConfigurationList;
			buildConfigurations = (
				75140E6E1D3329E40099823B /* Debug */,
				75140E6F1D3329E40099823B /* Release */,
			);
			defaultConfigurationIsVisible = 0;
			defaultConfigurationName = Release;
		};
		75140E701D3329E40099823B /* Build configuration list for PBXNativeTarget "ImageDemo" */ = {
			isa = XCConfigurationList;
			buildConfigurations = (
				75140E711D3329E40099823B /* Debug */,
				75140E721D3329E40099823B /* Release */,
			);
			defaultConfigurationIsVisible = 0;
			defaultConfigurationName = Release;
		};
/* End XCConfigurationList section */
	};
	rootObject = 75140E511D3329E40099823B /* Project object */;
}
